
Microsoft Visual Studio Solution File, Format Version 12.00
# Visual Studio Version 17
VisualStudioVersion = 17.7.34024.191
MinimumVisualStudioVersion = 10.0.40219.1
Project("{FAE04EC0-301F-11D3-BF4B-00C04F79EFBC}") = "3DO21.09", "3DO21.09\3DO21.09.csproj", "{C1AE0E98-01C9-4CBE-B0B7-D25F7BCF47E5}"
EndProject
Global
	GlobalSection(SolutionConfigurationPlatforms) = preSolution
		Debug|Any CPU = Debug|Any CPU
		Release|Any CPU = Release|Any CPU
	EndGlobalSection
	GlobalSection(ProjectConfigurationPlatforms) = postSolution
		{C1AE0E98-01C9-4CBE-B0B7-D25F7BCF47E5}.Debug|Any CPU.ActiveCfg = Debug|Any CPU
		{C1AE0E98-01C9-4CBE-B0B7-D25F7BCF47E5}.Debug|Any CPU.Build.0 = Debug|Any CPU
		{C1AE0E98-01C9-4CBE-B0B7-D25F7BCF47E5}.Release|Any CPU.ActiveCfg = Release|Any CPU
		{C1AE0E98-01C9-4CBE-B0B7-D25F7BCF47E5}.Release|Any CPU.Build.0 = Release|Any CPU
	EndGlobalSection
	GlobalSection(SolutionProperties) = preSolution
		HideSolutionNode = FALSE
	EndGlobalSection
	GlobalSection(ExtensibilityGlobals) = postSolution
		SolutionGuid = {1680CF25-FAD1-48A8-B0CD-1B6B1B5F8575}
	EndGlobalSection
EndGlobal
